
Microsoft Visual Studio Solution File, Format Version 12.00
# Visual Studio 2015
Project("{FAE04EC0-301F-11D3-BF4B-00C04F79EFBC}") = "SpaceShutan.Plugins", "SpaceShutan.Plugins.csproj", "{76EA99C0-D1B1-49D6-A9CF-0FCAC050895D}"
EndProject
Project("{FAE04EC0-301F-11D3-BF4B-00C04F79EFBC}") = "SpaceShutan", "SpaceShutan.csproj", "{D7131180-AD56-854C-FCEC-D65CA427D397}"
EndProject
Project("{FAE04EC0-301F-11D3-BF4B-00C04F79EFBC}") = "SpaceShutan.Editor.Plugins", "SpaceShutan.Editor.Plugins.csproj", "{EB4BE3FE-7A00-7397-AE2E-C48AAC9C83BD}"
EndProject
Global
	GlobalSection(SolutionConfigurationPlatforms) = preSolution
		Debug|Any CPU = Debug|Any CPU
		Release|Any CPU = Release|Any CPU
	EndGlobalSection
	GlobalSection(ProjectConfigurationPlatforms) = postSolution
		{76EA99C0-D1B1-49D6-A9CF-0FCAC050895D}.Debug|Any CPU.ActiveCfg = Debug|Any CPU
		{76EA99C0-D1B1-49D6-A9CF-0FCAC050895D}.Debug|Any CPU.Build.0 = Debug|Any CPU
		{76EA99C0-D1B1-49D6-A9CF-0FCAC050895D}.Release|Any CPU.ActiveCfg = Release|Any CPU
		{76EA99C0-D1B1-49D6-A9CF-0FCAC050895D}.Release|Any CPU.Build.0 = Release|Any CPU
		{D7131180-AD56-854C-FCEC-D65CA427D397}.Debug|Any CPU.ActiveCfg = Debug|Any CPU
		{D7131180-AD56-854C-FCEC-D65CA427D397}.Debug|Any CPU.Build.0 = Debug|Any CPU
		{D7131180-AD56-854C-FCEC-D65CA427D397}.Release|Any CPU.ActiveCfg = Release|Any CPU
		{D7131180-AD56-854C-FCEC-D65CA427D397}.Release|Any CPU.Build.0 = Release|Any CPU
		{EB4BE3FE-7A00-7397-AE2E-C48AAC9C83BD}.Debug|Any CPU.ActiveCfg = Debug|Any CPU
		{EB4BE3FE-7A00-7397-AE2E-C48AAC9C83BD}.Debug|Any CPU.Build.0 = Debug|Any CPU
		{EB4BE3FE-7A00-7397-AE2E-C48AAC9C83BD}.Release|Any CPU.ActiveCfg = Release|Any CPU
		{EB4BE3FE-7A00-7397-AE2E-C48AAC9C83BD}.Release|Any CPU.Build.0 = Release|Any CPU
	EndGlobalSection
	GlobalSection(SolutionProperties) = preSolution
		HideSolutionNode = FALSE
	EndGlobalSection
EndGlobal
